
Microsoft Visual Studio Solution File, Format Version 12.00
# Visual Studio 2013
VisualStudioVersion = 12.0.30723.0
MinimumVisualStudioVersion = 10.0.40219.1
Project("{2150E333-8FDC-42A3-9474-1A3956D46DE8}") = "Tests", "Tests", "{4EF491BF-0EC2-4E96-ACBF-B21232BE3BC9}"
EndProject
Project("{FAE04EC0-301F-11D3-BF4B-00C04F79EFBC}") = "VotingApplication.Web.Api.Tests", "VotingApplication.Web.Api.Tests\VotingApplication.Web.Api.Tests.csproj", "{83728922-B15F-4BBC-86B7-5788D9E12A98}"
EndProject
Project("{FAE04EC0-301F-11D3-BF4B-00C04F79EFBC}") = "VotingApplication.Data", "VotingApplication.Data\VotingApplication.Data.csproj", "{942DCB1B-5882-4C01-95AE-3FE71E4103F2}"
EndProject
Project("{2150E333-8FDC-42A3-9474-1A3956D46DE8}") = "PublishScripts", "PublishScripts", "{D8BE54F9-AFD9-45B9-9B81-07211A2E4B28}"
	ProjectSection(SolutionItems) = preProject
		PublishScripts\AzureWebsitePublishModule.psm1 = PublishScripts\AzureWebsitePublishModule.psm1
		PublishScripts\Publish-WebApplicationWebsite.ps1 = PublishScripts\Publish-WebApplicationWebsite.ps1
	EndProjectSection
EndProject
Project("{2150E333-8FDC-42A3-9474-1A3956D46DE8}") = "Configurations", "Configurations", "{A293CB92-9B81-41E9-A3BA-D8971E7C7F4B}"
	ProjectSection(SolutionItems) = preProject
		PublishScripts\Configurations\VotingApplicationWebApi-WAWS-dev.json = PublishScripts\Configurations\VotingApplicationWebApi-WAWS-dev.json
		PublishScripts\Configurations\WebApplication1-WAWS-dev.json = PublishScripts\Configurations\WebApplication1-WAWS-dev.json
	EndProjectSection
EndProject
Project("{FAE04EC0-301F-11D3-BF4B-00C04F79EFBC}") = "VotingApplication.Web.Common", "VotingApplication.Web.Common\VotingApplication.Web.Common.csproj", "{969076F5-F2AD-4711-853B-BA1BD3439E13}"
EndProject
Project("{FAE04EC0-301F-11D3-BF4B-00C04F79EFBC}") = "VotingApplication.Web.Api", "VotingApplication.Web.Api\VotingApplication.Web.Api.csproj", "{141C9D63-9053-44D8-B2E3-F436AEE56AC0}"
EndProject
Project("{2150E333-8FDC-42A3-9474-1A3956D46DE8}") = ".nuget", ".nuget", "{B4664874-E386-4AA5-B494-3124CA40DCDB}"
	ProjectSection(SolutionItems) = preProject
		.nuget\packages.config = .nuget\packages.config
	EndProjectSection
EndProject
Project("{FAE04EC0-301F-11D3-BF4B-00C04F79EFBC}") = "VotingApplication.SocketServer", "VotingApplication.SocketServer\VotingApplication.SocketServer.csproj", "{4BEA2D17-4AF7-404E-84AB-C58F8BE23A58}"
EndProject
Global
	GlobalSection(SolutionConfigurationPlatforms) = preSolution
		Debug|Any CPU = Debug|Any CPU
		Release|Any CPU = Release|Any CPU
	EndGlobalSection
	GlobalSection(ProjectConfigurationPlatforms) = postSolution
		{83728922-B15F-4BBC-86B7-5788D9E12A98}.Debug|Any CPU.ActiveCfg = Debug|Any CPU
		{83728922-B15F-4BBC-86B7-5788D9E12A98}.Debug|Any CPU.Build.0 = Debug|Any CPU
		{83728922-B15F-4BBC-86B7-5788D9E12A98}.Release|Any CPU.ActiveCfg = Release|Any CPU
		{83728922-B15F-4BBC-86B7-5788D9E12A98}.Release|Any CPU.Build.0 = Release|Any CPU
		{942DCB1B-5882-4C01-95AE-3FE71E4103F2}.Debug|Any CPU.ActiveCfg = Debug|Any CPU
		{942DCB1B-5882-4C01-95AE-3FE71E4103F2}.Debug|Any CPU.Build.0 = Debug|Any CPU
		{942DCB1B-5882-4C01-95AE-3FE71E4103F2}.Release|Any CPU.ActiveCfg = Release|Any CPU
		{942DCB1B-5882-4C01-95AE-3FE71E4103F2}.Release|Any CPU.Build.0 = Release|Any CPU
		{969076F5-F2AD-4711-853B-BA1BD3439E13}.Debug|Any CPU.ActiveCfg = Debug|Any CPU
		{969076F5-F2AD-4711-853B-BA1BD3439E13}.Debug|Any CPU.Build.0 = Debug|Any CPU
		{969076F5-F2AD-4711-853B-BA1BD3439E13}.Release|Any CPU.ActiveCfg = Release|Any CPU
		{969076F5-F2AD-4711-853B-BA1BD3439E13}.Release|Any CPU.Build.0 = Release|Any CPU
		{141C9D63-9053-44D8-B2E3-F436AEE56AC0}.Debug|Any CPU.ActiveCfg = Debug|Any CPU
		{141C9D63-9053-44D8-B2E3-F436AEE56AC0}.Debug|Any CPU.Build.0 = Debug|Any CPU
		{141C9D63-9053-44D8-B2E3-F436AEE56AC0}.Release|Any CPU.ActiveCfg = Release|Any CPU
		{141C9D63-9053-44D8-B2E3-F436AEE56AC0}.Release|Any CPU.Build.0 = Release|Any CPU
		{4BEA2D17-4AF7-404E-84AB-C58F8BE23A58}.Debug|Any CPU.ActiveCfg = Debug|Any CPU
		{4BEA2D17-4AF7-404E-84AB-C58F8BE23A58}.Debug|Any CPU.Build.0 = Debug|Any CPU
		{4BEA2D17-4AF7-404E-84AB-C58F8BE23A58}.Release|Any CPU.ActiveCfg = Release|Any CPU
		{4BEA2D17-4AF7-404E-84AB-C58F8BE23A58}.Release|Any CPU.Build.0 = Release|Any CPU
	EndGlobalSection
	GlobalSection(SolutionProperties) = preSolution
		HideSolutionNode = FALSE
	EndGlobalSection
	GlobalSection(NestedProjects) = preSolution
		{83728922-B15F-4BBC-86B7-5788D9E12A98} = {4EF491BF-0EC2-4E96-ACBF-B21232BE3BC9}
		{A293CB92-9B81-41E9-A3BA-D8971E7C7F4B} = {D8BE54F9-AFD9-45B9-9B81-07211A2E4B28}
	EndGlobalSection
EndGlobal
